// !$*UTF8*$!
{
	archiveVersion = 1;
	classes = {
	};
	objectVersion = 50;
	objects = {

/* Begin PBXBuildFile section */
		A661E7C5238D474E00464A51 /* UILineView.swift in Sources */ = {isa = PBXBuildFile; fileRef = A661E7C4238D474E00464A51 /* UILineView.swift */; };
		A6627A8E237AD86100AA0CC7 /* AppDelegate.swift in Sources */ = {isa = PBXBuildFile; fileRef = A6627A8D237AD86100AA0CC7 /* AppDelegate.swift */; };
		A6627A90237AD86100AA0CC7 /* SceneDelegate.swift in Sources */ = {isa = PBXBuildFile; fileRef = A6627A8F237AD86100AA0CC7 /* SceneDelegate.swift */; };
		A6627A95237AD86100AA0CC7 /* Main.storyboard in Resources */ = {isa = PBXBuildFile; fileRef = A6627A93237AD86100AA0CC7 /* Main.storyboard */; };
		A6627A9A237AD86300AA0CC7 /* LaunchScreen.storyboard in Resources */ = {isa = PBXBuildFile; fileRef = A6627A98237AD86300AA0CC7 /* LaunchScreen.storyboard */; };
		A671B8DF2382E414006A6766 /* CalendarViewController.swift in Sources */ = {isa = PBXBuildFile; fileRef = A671B8DE2382E414006A6766 /* CalendarViewController.swift */; };
		A671B8E12382F040006A6766 /* DateCollectionViewCell.swift in Sources */ = {isa = PBXBuildFile; fileRef = A671B8E02382F040006A6766 /* DateCollectionViewCell.swift */; };
		A671B8E32382F15F006A6766 /* CalendarDataModel.swift in Sources */ = {isa = PBXBuildFile; fileRef = A671B8E22382F15F006A6766 /* CalendarDataModel.swift */; };
		A6F03A95238D5118000FDB40 /* ProfileViewController.swift in Sources */ = {isa = PBXBuildFile; fileRef = A6F03A94238D5118000FDB40 /* ProfileViewController.swift */; };
		A6F03A99238E5331000FDB40 /* Constants.swift in Sources */ = {isa = PBXBuildFile; fileRef = A6F03A98238E5331000FDB40 /* Constants.swift */; };
		D856CBED2396B7F80055FD1B /* SettingsTableViewCell.swift in Sources */ = {isa = PBXBuildFile; fileRef = D856CBEC2396B7F80055FD1B /* SettingsTableViewCell.swift */; };
		D85E974E2395880800FFA40F /* SettingsViewController.swift in Sources */ = {isa = PBXBuildFile; fileRef = D85E974D2395880800FFA40F /* SettingsViewController.swift */; };
		D8B6724723982B6E00EF5917 /* Assets.xcassets in Resources */ = {isa = PBXBuildFile; fileRef = D8B6724623982B6D00EF5917 /* Assets.xcassets */; };
/* End PBXBuildFile section */

/* Begin PBXFileReference section */
		A661E7C4238D474E00464A51 /* UILineView.swift */ = {isa = PBXFileReference; lastKnownFileType = sourcecode.swift; path = UILineView.swift; sourceTree = "<group>"; };
		A6627A8A237AD86100AA0CC7 /* BSU.app */ = {isa = PBXFileReference; explicitFileType = wrapper.application; includeInIndex = 0; path = BSU.app; sourceTree = BUILT_PRODUCTS_DIR; };
		A6627A8D237AD86100AA0CC7 /* AppDelegate.swift */ = {isa = PBXFileReference; lastKnownFileType = sourcecode.swift; path = AppDelegate.swift; sourceTree = "<group>"; };
		A6627A8F237AD86100AA0CC7 /* SceneDelegate.swift */ = {isa = PBXFileReference; lastKnownFileType = sourcecode.swift; path = SceneDelegate.swift; sourceTree = "<group>"; };
		A6627A94237AD86100AA0CC7 /* Base */ = {isa = PBXFileReference; lastKnownFileType = file.storyboard; name = Base; path = Base.lproj/Main.storyboard; sourceTree = "<group>"; };
		A6627A99237AD86300AA0CC7 /* Base */ = {isa = PBXFileReference; lastKnownFileType = file.storyboard; name = Base; path = Base.lproj/LaunchScreen.storyboard; sourceTree = "<group>"; };
		A6627A9B237AD86300AA0CC7 /* Info.plist */ = {isa = PBXFileReference; lastKnownFileType = text.plist.xml; path = Info.plist; sourceTree = "<group>"; };
		A671B8DE2382E414006A6766 /* CalendarViewController.swift */ = {isa = PBXFileReference; lastKnownFileType = sourcecode.swift; name = CalendarViewController.swift; path = BSU/src/main/swift/Controllers/CalendarViewController.swift; sourceTree = SOURCE_ROOT; };
		A671B8E02382F040006A6766 /* DateCollectionViewCell.swift */ = {isa = PBXFileReference; lastKnownFileType = sourcecode.swift; path = DateCollectionViewCell.swift; sourceTree = "<group>"; };
		A671B8E22382F15F006A6766 /* CalendarDataModel.swift */ = {isa = PBXFileReference; lastKnownFileType = sourcecode.swift; path = CalendarDataModel.swift; sourceTree = "<group>"; };
		A6F03A94238D5118000FDB40 /* ProfileViewController.swift */ = {isa = PBXFileReference; lastKnownFileType = sourcecode.swift; path = ProfileViewController.swift; sourceTree = "<group>"; };
		A6F03A98238E5331000FDB40 /* Constants.swift */ = {isa = PBXFileReference; lastKnownFileType = sourcecode.swift; path = Constants.swift; sourceTree = "<group>"; };
		D856CBEC2396B7F80055FD1B /* SettingsTableViewCell.swift */ = {isa = PBXFileReference; lastKnownFileType = sourcecode.swift; name = SettingsTableViewCell.swift; path = "New Group/SettingsTableViewCell.swift"; sourceTree = "<group>"; };
		D85E974D2395880800FFA40F /* SettingsViewController.swift */ = {isa = PBXFileReference; lastKnownFileType = sourcecode.swift; path = SettingsViewController.swift; sourceTree = "<group>"; };
		D8B6724623982B6D00EF5917 /* Assets.xcassets */ = {isa = PBXFileReference; lastKnownFileType = folder.assetcatalog; name = Assets.xcassets; path = ../../../../../.Trash/Assets.xcassets; sourceTree = "<group>"; };
/* End PBXFileReference section */

/* Begin PBXFrameworksBuildPhase section */
		A6627A87237AD86100AA0CC7 /* Frameworks */ = {
			isa = PBXFrameworksBuildPhase;
			buildActionMask = 2147483647;
			files = (
			);
			runOnlyForDeploymentPostprocessing = 0;
		};
/* End PBXFrameworksBuildPhase section */

/* Begin PBXGroup section */
		A6627A81237AD86100AA0CC7 = {
			isa = PBXGroup;
			children = (
				A6627A8C237AD86100AA0CC7 /* BSU */,
				A6627A8B237AD86100AA0CC7 /* Products */,
			);
			sourceTree = "<group>";
		};
		A6627A8B237AD86100AA0CC7 /* Products */ = {
			isa = PBXGroup;
			children = (
				A6627A8A237AD86100AA0CC7 /* BSU.app */,
			);
			name = Products;
			sourceTree = "<group>";
		};
		A6627A8C237AD86100AA0CC7 /* BSU */ = {
			isa = PBXGroup;
			children = (
				A6F03A98238E5331000FDB40 /* Constants.swift */,
				A6627A9B237AD86300AA0CC7 /* Info.plist */,
				A6627AA2237AD89200AA0CC7 /* src */,
			);
			path = BSU;
			sourceTree = "<group>";
		};
		A6627AA1237AD87B00AA0CC7 /* main */ = {
			isa = PBXGroup;
			children = (
				A6627AA7237AD99C00AA0CC7 /* swift */,
				A6627AA6237AD98F00AA0CC7 /* resources */,
			);
			path = main;
			sourceTree = "<group>";
		};
		A6627AA2237AD89200AA0CC7 /* src */ = {
			isa = PBXGroup;
			children = (
				A6627AA1237AD87B00AA0CC7 /* main */,
			);
			path = src;
			sourceTree = "<group>";
		};
		A6627AA3237AD8B400AA0CC7 /* Controllers */ = {
			isa = PBXGroup;
			children = (
				A671B8DE2382E414006A6766 /* CalendarViewController.swift */,
				D85E974D2395880800FFA40F /* SettingsViewController.swift */,
				D856CBEC2396B7F80055FD1B /* SettingsTableViewCell.swift */,
				A671B8E22382F15F006A6766 /* CalendarDataModel.swift */,
				A671B8E02382F040006A6766 /* DateCollectionViewCell.swift */,
				A6F03A94238D5118000FDB40 /* ProfileViewController.swift */,
			);
			path = Controllers;
			sourceTree = "<group>";
		};
		A6627AA4237AD8C200AA0CC7 /* Interface */ = {
			isa = PBXGroup;
			children = (
				A6627A98237AD86300AA0CC7 /* LaunchScreen.storyboard */,
				A6627A93237AD86100AA0CC7 /* Main.storyboard */,
				A661E7C4238D474E00464A51 /* UILineView.swift */,
			);
			path = Interface;
			sourceTree = "<group>";
		};
		A6627AA5237AD8EA00AA0CC7 /* Appset */ = {
			isa = PBXGroup;
			children = (
				A6627A8D237AD86100AA0CC7 /* AppDelegate.swift */,
				A6627A8F237AD86100AA0CC7 /* SceneDelegate.swift */,
			);
			path = Appset;
			sourceTree = "<group>";
		};
		A6627AA6237AD98F00AA0CC7 /* resources */ = {
			isa = PBXGroup;
			children = (
				D8B6724623982B6D00EF5917 /* Assets.xcassets */,
			);
			path = resources;
			sourceTree = "<group>";
		};
		A6627AA7237AD99C00AA0CC7 /* swift */ = {
			isa = PBXGroup;
			children = (
				A6627AA5237AD8EA00AA0CC7 /* Appset */,
				A6627AA4237AD8C200AA0CC7 /* Interface */,
				A6627AA3237AD8B400AA0CC7 /* Controllers */,
			);
			path = swift;
			sourceTree = "<group>";
		};
/* End PBXGroup section */

/* Begin PBXNativeTarget section */
		A6627A89237AD86100AA0CC7 /* BSU */ = {
			isa = PBXNativeTarget;
			buildConfigurationList = A6627A9E237AD86300AA0CC7 /* Build configuration list for PBXNativeTarget "BSU" */;
			buildPhases = (
				A6627A86237AD86100AA0CC7 /* Sources */,
				A6627A87237AD86100AA0CC7 /* Frameworks */,
				A6627A88237AD86100AA0CC7 /* Resources */,
			);
			buildRules = (
			);
			dependencies = (
			);
			name = BSU;
			productName = BSU;
			productReference = A6627A8A237AD86100AA0CC7 /* BSU.app */;
			productType = "com.apple.product-type.application";
		};
/* End PBXNativeTarget section */

/* Begin PBXProject section */
		A6627A82237AD86100AA0CC7 /* Project object */ = {
			isa = PBXProject;
			attributes = {
				LastSwiftUpdateCheck = 1120;
				LastUpgradeCheck = 1120;
				ORGANIZATIONNAME = "Alexey Meleshkevich";
				TargetAttributes = {
					A6627A89237AD86100AA0CC7 = {
						CreatedOnToolsVersion = 11.2;
					};
				};
			};
			buildConfigurationList = A6627A85237AD86100AA0CC7 /* Build configuration list for PBXProject "BSU" */;
			compatibilityVersion = "Xcode 9.3";
			developmentRegion = en;
			hasScannedForEncodings = 0;
			knownRegions = (
				en,
				Base,
			);
			mainGroup = A6627A81237AD86100AA0CC7;
			productRefGroup = A6627A8B237AD86100AA0CC7 /* Products */;
			projectDirPath = "";
			projectRoot = "";
			targets = (
				A6627A89237AD86100AA0CC7 /* BSU */,
			);
		};
/* End PBXProject section */

/* Begin PBXResourcesBuildPhase section */
		A6627A88237AD86100AA0CC7 /* Resources */ = {
			isa = PBXResourcesBuildPhase;
			buildActionMask = 2147483647;
			files = (
				A6627A9A237AD86300AA0CC7 /* LaunchScreen.storyboard in Resources */,
				D8B6724723982B6E00EF5917 /* Assets.xcassets in Resources */,
				A6627A95237AD86100AA0CC7 /* Main.storyboard in Resources */,
			);
			runOnlyForDeploymentPostprocessing = 0;
		};
/* End PBXResourcesBuildPhase section */

/* Begin PBXSourcesBuildPhase section */
		A6627A86237AD86100AA0CC7 /* Sources */ = {
			isa = PBXSourcesBuildPhase;
			buildActionMask = 2147483647;
			files = (
				A671B8E12382F040006A6766 /* DateCollectionViewCell.swift in Sources */,
				A671B8E32382F15F006A6766 /* CalendarDataModel.swift in Sources */,
				A671B8DF2382E414006A6766 /* CalendarViewController.swift in Sources */,
				A6627A8E237AD86100AA0CC7 /* AppDelegate.swift in Sources */,
				A6F03A95238D5118000FDB40 /* ProfileViewController.swift in Sources */,
				A661E7C5238D474E00464A51 /* UILineView.swift in Sources */,
				A6627A90237AD86100AA0CC7 /* SceneDelegate.swift in Sources */,
				A6F03A99238E5331000FDB40 /* Constants.swift in Sources */,
				D856CBED2396B7F80055FD1B /* SettingsTableViewCell.swift in Sources */,
				D85E974E2395880800FFA40F /* SettingsViewController.swift in Sources */,
			);
			runOnlyForDeploymentPostprocessing = 0;
		};
/* End PBXSourcesBuildPhase section */

/* Begin PBXVariantGroup section */
		A6627A93237AD86100AA0CC7 /* Main.storyboard */ = {
			isa = PBXVariantGroup;
			children = (
				A6627A94237AD86100AA0CC7 /* Base */,
			);
			name = Main.storyboard;
			sourceTree = "<group>";
		};
		A6627A98237AD86300AA0CC7 /* LaunchScreen.storyboard */ = {
			isa = PBXVariantGroup;
			children = (
				A6627A99237AD86300AA0CC7 /* Base */,
			);
			name = LaunchScreen.storyboard;
			sourceTree = "<group>";
		};
/* End PBXVariantGroup section */

/* Begin XCBuildConfiguration section */
		A6627A9C237AD86300AA0CC7 /* Debug */ = {
			isa = XCBuildConfiguration;
			buildSettings = {
				ALWAYS_SEARCH_USER_PATHS = NO;
				CLANG_ANALYZER_NONNULL = YES;
				CLANG_ANALYZER_NUMBER_OBJECT_CONVERSION = YES_AGGRESSIVE;
				CLANG_CXX_LANGUAGE_STANDARD = "gnu++14";
				CLANG_CXX_LIBRARY = "libc++";
				CLANG_ENABLE_MODULES = YES;
				CLANG_ENABLE_OBJC_ARC = YES;
				CLANG_ENABLE_OBJC_WEAK = YES;
				CLANG_WARN_BLOCK_CAPTURE_AUTORELEASING = YES;
				CLANG_WARN_BOOL_CONVERSION = YES;
				CLANG_WARN_COMMA = YES;
				CLANG_WARN_CONSTANT_CONVERSION = YES;
				CLANG_WARN_DEPRECATED_OBJC_IMPLEMENTATIONS = YES;
				CLANG_WARN_DIRECT_OBJC_ISA_USAGE = YES_ERROR;
				CLANG_WARN_DOCUMENTATION_COMMENTS = YES;
				CLANG_WARN_EMPTY_BODY = YES;
				CLANG_WARN_ENUM_CONVERSION = YES;
				CLANG_WARN_INFINITE_RECURSION = YES;
				CLANG_WARN_INT_CONVERSION = YES;
				CLANG_WARN_NON_LITERAL_NULL_CONVERSION = YES;
				CLANG_WARN_OBJC_IMPLICIT_RETAIN_SELF = YES;
				CLANG_WARN_OBJC_LITERAL_CONVERSION = YES;
				CLANG_WARN_OBJC_ROOT_CLASS = YES_ERROR;
				CLANG_WARN_RANGE_LOOP_ANALYSIS = YES;
				CLANG_WARN_STRICT_PROTOTYPES = YES;
				CLANG_WARN_SUSPICIOUS_MOVE = YES;
				CLANG_WARN_UNGUARDED_AVAILABILITY = YES_AGGRESSIVE;
				CLANG_WARN_UNREACHABLE_CODE = YES;
				CLANG_WARN__DUPLICATE_METHOD_MATCH = YES;
				COPY_PHASE_STRIP = NO;
				DEBUG_INFORMATION_FORMAT = dwarf;
				ENABLE_STRICT_OBJC_MSGSEND = YES;
				ENABLE_TESTABILITY = YES;
				GCC_C_LANGUAGE_STANDARD = gnu11;
				GCC_DYNAMIC_NO_PIC = NO;
				GCC_NO_COMMON_BLOCKS = YES;
				GCC_OPTIMIZATION_LEVEL = 0;
				GCC_PREPROCESSOR_DEFINITIONS = (
					"DEBUG=1",
					"$(inherited)",
				);
				GCC_WARN_64_TO_32_BIT_CONVERSION = YES;
				GCC_WARN_ABOUT_RETURN_TYPE = YES_ERROR;
				GCC_WARN_UNDECLARED_SELECTOR = YES;
				GCC_WARN_UNINITIALIZED_AUTOS = YES_AGGRESSIVE;
				GCC_WARN_UNUSED_FUNCTION = YES;
				GCC_WARN_UNUSED_VARIABLE = YES;
				IPHONEOS_DEPLOYMENT_TARGET = 13.2;
				MTL_ENABLE_DEBUG_INFO = INCLUDE_SOURCE;
				MTL_FAST_MATH = YES;
				ONLY_ACTIVE_ARCH = YES;
				SDKROOT = iphoneos;
				SWIFT_ACTIVE_COMPILATION_CONDITIONS = DEBUG;
				SWIFT_OPTIMIZATION_LEVEL = "-Onone";
			};
			name = Debug;
		};
		A6627A9D237AD86300AA0CC7 /* Release */ = {
			isa = XCBuildConfiguration;
			buildSettings = {
				ALWAYS_SEARCH_USER_PATHS = NO;
				CLANG_ANALYZER_NONNULL = YES;
				CLANG_ANALYZER_NUMBER_OBJECT_CONVERSION = YES_AGGRESSIVE;
				CLANG_CXX_LANGUAGE_STANDARD = "gnu++14";
				CLANG_CXX_LIBRARY = "libc++";
				CLANG_ENABLE_MODULES = YES;
				CLANG_ENABLE_OBJC_ARC = YES;
				CLANG_ENABLE_OBJC_WEAK = YES;
				CLANG_WARN_BLOCK_CAPTURE_AUTORELEASING = YES;
				CLANG_WARN_BOOL_CONVERSION = YES;
				CLANG_WARN_COMMA = YES;
				CLANG_WARN_CONSTANT_CONVERSION = YES;
				CLANG_WARN_DEPRECATED_OBJC_IMPLEMENTATIONS = YES;
				CLANG_WARN_DIRECT_OBJC_ISA_USAGE = YES_ERROR;
				CLANG_WARN_DOCUMENTATION_COMMENTS = YES;
				CLANG_WARN_EMPTY_BODY = YES;
				CLANG_WARN_ENUM_CONVERSION = YES;
				CLANG_WARN_INFINITE_RECURSION = YES;
				CLANG_WARN_INT_CONVERSION = YES;
				CLANG_WARN_NON_LITERAL_NULL_CONVERSION = YES;
				CLANG_WARN_OBJC_IMPLICIT_RETAIN_SELF = YES;
				CLANG_WARN_OBJC_LITERAL_CONVERSION = YES;
				CLANG_WARN_OBJC_ROOT_CLASS = YES_ERROR;
				CLANG_WARN_RANGE_LOOP_ANALYSIS = YES;
				CLANG_WARN_STRICT_PROTOTYPES = YES;
				CLANG_WARN_SUSPICIOUS_MOVE = YES;
				CLANG_WARN_UNGUARDED_AVAILABILITY = YES_AGGRESSIVE;
				CLANG_WARN_UNREACHABLE_CODE = YES;
				CLANG_WARN__DUPLICATE_METHOD_MATCH = YES;
				COPY_PHASE_STRIP = NO;
				DEBUG_INFORMATION_FORMAT = "dwarf-with-dsym";
				ENABLE_NS_ASSERTIONS = NO;
				ENABLE_STRICT_OBJC_MSGSEND = YES;
				GCC_C_LANGUAGE_STANDARD = gnu11;
				GCC_NO_COMMON_BLOCKS = YES;
				GCC_WARN_64_TO_32_BIT_CONVERSION = YES;
				GCC_WARN_ABOUT_RETURN_TYPE = YES_ERROR;
				GCC_WARN_UNDECLARED_SELECTOR = YES;
				GCC_WARN_UNINITIALIZED_AUTOS = YES_AGGRESSIVE;
				GCC_WARN_UNUSED_FUNCTION = YES;
				GCC_WARN_UNUSED_VARIABLE = YES;
				IPHONEOS_DEPLOYMENT_TARGET = 13.2;
				MTL_ENABLE_DEBUG_INFO = NO;
				MTL_FAST_MATH = YES;
				SDKROOT = iphoneos;
				SWIFT_COMPILATION_MODE = wholemodule;
				SWIFT_OPTIMIZATION_LEVEL = "-O";
				VALIDATE_PRODUCT = YES;
			};
			name = Release;
		};
		A6627A9F237AD86300AA0CC7 /* Debug */ = {
			isa = XCBuildConfiguration;
			buildSettings = {
				ASSETCATALOG_COMPILER_APPICON_NAME = AppIcon;
				CODE_SIGN_STYLE = Automatic;
				INFOPLIST_FILE = BSU/Info.plist;
				IPHONEOS_DEPLOYMENT_TARGET = 13.1;
				LD_RUNPATH_SEARCH_PATHS = (
					"$(inherited)",
					"@executable_path/Frameworks",
				);
				PRODUCT_BUNDLE_IDENTIFIER = BSU4U.BSU;
				PRODUCT_NAME = "$(TARGET_NAME)";
				SWIFT_VERSION = 5.0;
				TARGETED_DEVICE_FAMILY = "1,2";
			};
			name = Debug;
		};
		A6627AA0237AD86300AA0CC7 /* Release */ = {
			isa = XCBuildConfiguration;
			buildSettings = {
				ASSETCATALOG_COMPILER_APPICON_NAME = AppIcon;
				CODE_SIGN_STYLE = Automatic;
				INFOPLIST_FILE = BSU/Info.plist;
				IPHONEOS_DEPLOYMENT_TARGET = 13.1;
				LD_RUNPATH_SEARCH_PATHS = (
					"$(inherited)",
					"@executable_path/Frameworks",
				);
				PRODUCT_BUNDLE_IDENTIFIER = BSU4U.BSU;
				PRODUCT_NAME = "$(TARGET_NAME)";
				SWIFT_VERSION = 5.0;
				TARGETED_DEVICE_FAMILY = "1,2";
			};
			name = Release;
		};
/* End XCBuildConfiguration section */

/* Begin XCConfigurationList section */
		A6627A85237AD86100AA0CC7 /* Build configuration list for PBXProject "BSU" */ = {
			isa = XCConfigurationList;
			buildConfigurations = (
				A6627A9C237AD86300AA0CC7 /* Debug */,
				A6627A9D237AD86300AA0CC7 /* Release */,
			);
			defaultConfigurationIsVisible = 0;
			defaultConfigurationName = Release;
		};
		A6627A9E237AD86300AA0CC7 /* Build configuration list for PBXNativeTarget "BSU" */ = {
			isa = XCConfigurationList;
			buildConfigurations = (
				A6627A9F237AD86300AA0CC7 /* Debug */,
				A6627AA0237AD86300AA0CC7 /* Release */,
			);
			defaultConfigurationIsVisible = 0;
			defaultConfigurationName = Release;
		};
/* End XCConfigurationList section */
	};
	rootObject = A6627A82237AD86100AA0CC7 /* Project object */;
}
