// !$*UTF8*$!
{
	archiveVersion = 1;
	classes = {
	};
	objectVersion = 50;
	objects = {

/* Begin PBXBuildFile section */
		D81DBBF923A26C540027D580 /* ExamProgressCell.swift in Sources */ = {isa = PBXBuildFile; fileRef = D81DBBF823A26C540027D580 /* ExamProgressCell.swift */; };
		D820A9C723A9519800AEE4E3 /* PickerViewController.swift in Sources */ = {isa = PBXBuildFile; fileRef = D820A9C623A9519800AEE4E3 /* PickerViewController.swift */; };
		D834108F23C3BDAE00F2F8B9 /* StartViewController.swift in Sources */ = {isa = PBXBuildFile; fileRef = D834108E23C3BDAE00F2F8B9 /* StartViewController.swift */; };
		D834109123C3BE8600F2F8B9 /* ApiRequ.swift in Sources */ = {isa = PBXBuildFile; fileRef = D834109023C3BE8600F2F8B9 /* ApiRequ.swift */; };
		D834109323C3BEAD00F2F8B9 /* JsonStruct.swift in Sources */ = {isa = PBXBuildFile; fileRef = D834109223C3BEAD00F2F8B9 /* JsonStruct.swift */; };
		D8411EE92399839E00FF7F3D /* UserInfoCell.swift in Sources */ = {isa = PBXBuildFile; fileRef = D8411EE82399839E00FF7F3D /* UserInfoCell.swift */; };
		D8422BF323C2270D00BD11D0 /* ScheduleTableViewController.swift in Sources */ = {isa = PBXBuildFile; fileRef = D8422BF223C2270D00BD11D0 /* ScheduleTableViewController.swift */; };
		D842CDF523AE40F3008E6744 /* ExtensionCalendarViewController.swift in Sources */ = {isa = PBXBuildFile; fileRef = D842CDF423AE40F3008E6744 /* ExtensionCalendarViewController.swift */; };
		D842CDF723AE414B008E6744 /* Main.storyboard in Resources */ = {isa = PBXBuildFile; fileRef = D842CDF623AE414A008E6744 /* Main.storyboard */; };
		D842CDFA23AE41BD008E6744 /* ScheduleTableViewControllerCell.swift in Sources */ = {isa = PBXBuildFile; fileRef = D842CDF823AE41BD008E6744 /* ScheduleTableViewControllerCell.swift */; };
		D842CDFB23AE41BD008E6744 /* ScheduleTableViewCell.swift in Sources */ = {isa = PBXBuildFile; fileRef = D842CDF923AE41BD008E6744 /* ScheduleTableViewCell.swift */; };
		D856CBD72396A8EA0055FD1B /* AppDelegate.swift in Sources */ = {isa = PBXBuildFile; fileRef = D856CBD62396A8EA0055FD1B /* AppDelegate.swift */; };
		D856CBD92396A8EA0055FD1B /* SceneDelegate.swift in Sources */ = {isa = PBXBuildFile; fileRef = D856CBD82396A8EA0055FD1B /* SceneDelegate.swift */; };
		D856CBE32396A8EC0055FD1B /* LaunchScreen.storyboard in Resources */ = {isa = PBXBuildFile; fileRef = D856CBE12396A8EC0055FD1B /* LaunchScreen.storyboard */; };
		D859F914239FCDA100F276F0 /* CreditTableViewController.swift in Sources */ = {isa = PBXBuildFile; fileRef = D859F913239FCDA100F276F0 /* CreditTableViewController.swift */; };
		D859F916239FCF4300F276F0 /* StudyProgressTableViewController.swift in Sources */ = {isa = PBXBuildFile; fileRef = D859F915239FCF4300F276F0 /* StudyProgressTableViewController.swift */; };
		D876206D23996DEA0026352A /* Images.xcassets in Resources */ = {isa = PBXBuildFile; fileRef = D876206C23996DEA0026352A /* Images.xcassets */; };
		D8762076239978CF0026352A /* CalendarViewController.swift in Sources */ = {isa = PBXBuildFile; fileRef = D876206E239978CF0026352A /* CalendarViewController.swift */; };
		D8762077239978CF0026352A /* SettingsTableViewCell.swift in Sources */ = {isa = PBXBuildFile; fileRef = D876206F239978CF0026352A /* SettingsTableViewCell.swift */; };
		D8762079239978CF0026352A /* CalendarDataModel.swift in Sources */ = {isa = PBXBuildFile; fileRef = D8762071239978CF0026352A /* CalendarDataModel.swift */; };
		D876207B239978CF0026352A /* ProfileViewController.swift in Sources */ = {isa = PBXBuildFile; fileRef = D8762073239978CF0026352A /* ProfileViewController.swift */; };
		D876207C239978CF0026352A /* DateCollectionViewCell.swift in Sources */ = {isa = PBXBuildFile; fileRef = D8762074239978CF0026352A /* DateCollectionViewCell.swift */; };
		D876207D239978CF0026352A /* SettingsViewController.swift in Sources */ = {isa = PBXBuildFile; fileRef = D8762075239978CF0026352A /* SettingsViewController.swift */; };
		D876207F239979480026352A /* Constants.swift in Sources */ = {isa = PBXBuildFile; fileRef = D876207E239979480026352A /* Constants.swift */; };
		D8C8B64D23A18882008E6825 /* HistoryCell.swift in Sources */ = {isa = PBXBuildFile; fileRef = D8C8B64C23A18882008E6825 /* HistoryCell.swift */; };
		D8C8B64F23A18BEF008E6825 /* HistoryViewController.swift in Sources */ = {isa = PBXBuildFile; fileRef = D8C8B64E23A18BEF008E6825 /* HistoryViewController.swift */; };
		D8C8B65123A19FD3008E6825 /* HeaderHistoryView.swift in Sources */ = {isa = PBXBuildFile; fileRef = D8C8B65023A19FD3008E6825 /* HeaderHistoryView.swift */; };
		D8D06D0E239FB94700AF3D84 /* PageViewController.swift in Sources */ = {isa = PBXBuildFile; fileRef = D8D06D0D239FB94700AF3D84 /* PageViewController.swift */; };
		D8D06D10239FB99A00AF3D84 /* InfoPageTableViewController.swift in Sources */ = {isa = PBXBuildFile; fileRef = D8D06D0F239FB99A00AF3D84 /* InfoPageTableViewController.swift */; };
		D8DAA92723A36D0700FE7161 /* TestProgressCell.swift in Sources */ = {isa = PBXBuildFile; fileRef = D8DAA92623A36D0700FE7161 /* TestProgressCell.swift */; };
		D8F0CE6323A798E700B970C6 /* Layout.swift in Sources */ = {isa = PBXBuildFile; fileRef = D8F0CE6223A798E700B970C6 /* Layout.swift */; };
		D8F0CE6523A7BB5000B970C6 /* SelectView.swift in Sources */ = {isa = PBXBuildFile; fileRef = D8F0CE6423A7BB5000B970C6 /* SelectView.swift */; };
/* End PBXBuildFile section */

/* Begin PBXFileReference section */
		D81DBBF823A26C540027D580 /* ExamProgressCell.swift */ = {isa = PBXFileReference; lastKnownFileType = sourcecode.swift; path = ExamProgressCell.swift; sourceTree = "<group>"; };
		D820A9C623A9519800AEE4E3 /* PickerViewController.swift */ = {isa = PBXFileReference; lastKnownFileType = sourcecode.swift; path = PickerViewController.swift; sourceTree = "<group>"; };
		D834108E23C3BDAE00F2F8B9 /* StartViewController.swift */ = {isa = PBXFileReference; lastKnownFileType = sourcecode.swift; path = StartViewController.swift; sourceTree = "<group>"; };
		D834109023C3BE8600F2F8B9 /* ApiRequ.swift */ = {isa = PBXFileReference; fileEncoding = 4; lastKnownFileType = sourcecode.swift; path = ApiRequ.swift; sourceTree = "<group>"; };
		D834109223C3BEAD00F2F8B9 /* JsonStruct.swift */ = {isa = PBXFileReference; fileEncoding = 4; lastKnownFileType = sourcecode.swift; path = JsonStruct.swift; sourceTree = "<group>"; };
		D8411EE82399839E00FF7F3D /* UserInfoCell.swift */ = {isa = PBXFileReference; lastKnownFileType = sourcecode.swift; path = UserInfoCell.swift; sourceTree = "<group>"; };
		D8422BF223C2270D00BD11D0 /* ScheduleTableViewController.swift */ = {isa = PBXFileReference; fileEncoding = 4; lastKnownFileType = sourcecode.swift; path = ScheduleTableViewController.swift; sourceTree = "<group>"; };
		D842CDF423AE40F3008E6744 /* ExtensionCalendarViewController.swift */ = {isa = PBXFileReference; lastKnownFileType = sourcecode.swift; path = ExtensionCalendarViewController.swift; sourceTree = "<group>"; };
		D842CDF623AE414A008E6744 /* Main.storyboard */ = {isa = PBXFileReference; fileEncoding = 4; lastKnownFileType = file.storyboard; path = Main.storyboard; sourceTree = "<group>"; };
		D842CDF823AE41BD008E6744 /* ScheduleTableViewControllerCell.swift */ = {isa = PBXFileReference; fileEncoding = 4; lastKnownFileType = sourcecode.swift; path = ScheduleTableViewControllerCell.swift; sourceTree = "<group>"; };
		D842CDF923AE41BD008E6744 /* ScheduleTableViewCell.swift */ = {isa = PBXFileReference; fileEncoding = 4; lastKnownFileType = sourcecode.swift; path = ScheduleTableViewCell.swift; sourceTree = "<group>"; };
		D856CBD32396A8EA0055FD1B /* BSU.app */ = {isa = PBXFileReference; explicitFileType = wrapper.application; includeInIndex = 0; path = BSU.app; sourceTree = BUILT_PRODUCTS_DIR; };
		D856CBD62396A8EA0055FD1B /* AppDelegate.swift */ = {isa = PBXFileReference; lastKnownFileType = sourcecode.swift; path = AppDelegate.swift; sourceTree = "<group>"; };
		D856CBD82396A8EA0055FD1B /* SceneDelegate.swift */ = {isa = PBXFileReference; lastKnownFileType = sourcecode.swift; path = SceneDelegate.swift; sourceTree = "<group>"; };
		D856CBE22396A8EC0055FD1B /* Base */ = {isa = PBXFileReference; lastKnownFileType = file.storyboard; name = Base; path = Base.lproj/LaunchScreen.storyboard; sourceTree = "<group>"; };
		D856CBE42396A8EC0055FD1B /* Info.plist */ = {isa = PBXFileReference; lastKnownFileType = text.plist.xml; path = Info.plist; sourceTree = "<group>"; };
		D859F913239FCDA100F276F0 /* CreditTableViewController.swift */ = {isa = PBXFileReference; lastKnownFileType = sourcecode.swift; path = CreditTableViewController.swift; sourceTree = "<group>"; };
		D859F915239FCF4300F276F0 /* StudyProgressTableViewController.swift */ = {isa = PBXFileReference; lastKnownFileType = sourcecode.swift; path = StudyProgressTableViewController.swift; sourceTree = "<group>"; };
		D876206C23996DEA0026352A /* Images.xcassets */ = {isa = PBXFileReference; lastKnownFileType = folder.assetcatalog; path = Images.xcassets; sourceTree = "<group>"; };
		D876206E239978CF0026352A /* CalendarViewController.swift */ = {isa = PBXFileReference; fileEncoding = 4; lastKnownFileType = sourcecode.swift; path = CalendarViewController.swift; sourceTree = "<group>"; };
		D876206F239978CF0026352A /* SettingsTableViewCell.swift */ = {isa = PBXFileReference; fileEncoding = 4; lastKnownFileType = sourcecode.swift; path = SettingsTableViewCell.swift; sourceTree = "<group>"; };
		D8762071239978CF0026352A /* CalendarDataModel.swift */ = {isa = PBXFileReference; fileEncoding = 4; lastKnownFileType = sourcecode.swift; path = CalendarDataModel.swift; sourceTree = "<group>"; };
		D8762073239978CF0026352A /* ProfileViewController.swift */ = {isa = PBXFileReference; fileEncoding = 4; lastKnownFileType = sourcecode.swift; path = ProfileViewController.swift; sourceTree = "<group>"; };
		D8762074239978CF0026352A /* DateCollectionViewCell.swift */ = {isa = PBXFileReference; fileEncoding = 4; lastKnownFileType = sourcecode.swift; path = DateCollectionViewCell.swift; sourceTree = "<group>"; };
		D8762075239978CF0026352A /* SettingsViewController.swift */ = {isa = PBXFileReference; fileEncoding = 4; lastKnownFileType = sourcecode.swift; path = SettingsViewController.swift; sourceTree = "<group>"; };
		D876207E239979480026352A /* Constants.swift */ = {isa = PBXFileReference; fileEncoding = 4; lastKnownFileType = sourcecode.swift; path = Constants.swift; sourceTree = "<group>"; };
		D8C8B64C23A18882008E6825 /* HistoryCell.swift */ = {isa = PBXFileReference; lastKnownFileType = sourcecode.swift; path = HistoryCell.swift; sourceTree = "<group>"; };
		D8C8B64E23A18BEF008E6825 /* HistoryViewController.swift */ = {isa = PBXFileReference; lastKnownFileType = sourcecode.swift; path = HistoryViewController.swift; sourceTree = "<group>"; };
		D8C8B65023A19FD3008E6825 /* HeaderHistoryView.swift */ = {isa = PBXFileReference; lastKnownFileType = sourcecode.swift; path = HeaderHistoryView.swift; sourceTree = "<group>"; };
		D8D06D0D239FB94700AF3D84 /* PageViewController.swift */ = {isa = PBXFileReference; lastKnownFileType = sourcecode.swift; path = PageViewController.swift; sourceTree = "<group>"; };
		D8D06D0F239FB99A00AF3D84 /* InfoPageTableViewController.swift */ = {isa = PBXFileReference; lastKnownFileType = sourcecode.swift; path = InfoPageTableViewController.swift; sourceTree = "<group>"; };
		D8DAA92623A36D0700FE7161 /* TestProgressCell.swift */ = {isa = PBXFileReference; lastKnownFileType = sourcecode.swift; path = TestProgressCell.swift; sourceTree = "<group>"; };
		D8F0CE6223A798E700B970C6 /* Layout.swift */ = {isa = PBXFileReference; lastKnownFileType = sourcecode.swift; path = Layout.swift; sourceTree = "<group>"; };
		D8F0CE6423A7BB5000B970C6 /* SelectView.swift */ = {isa = PBXFileReference; lastKnownFileType = sourcecode.swift; path = SelectView.swift; sourceTree = "<group>"; };
/* End PBXFileReference section */

/* Begin PBXFrameworksBuildPhase section */
		D856CBD02396A8EA0055FD1B /* Frameworks */ = {
			isa = PBXFrameworksBuildPhase;
			buildActionMask = 2147483647;
			files = (
			);
			runOnlyForDeploymentPostprocessing = 0;
		};
/* End PBXFrameworksBuildPhase section */

/* Begin PBXGroup section */
		D856CBCA2396A8EA0055FD1B = {
			isa = PBXGroup;
			children = (
				D856CBD52396A8EA0055FD1B /* tableSettigins */,
				D856CBD42396A8EA0055FD1B /* Products */,
			);
			sourceTree = "<group>";
		};
		D856CBD42396A8EA0055FD1B /* Products */ = {
			isa = PBXGroup;
			children = (
				D856CBD32396A8EA0055FD1B /* BSU.app */,
			);
			name = Products;
			sourceTree = "<group>";
		};
		D856CBD52396A8EA0055FD1B /* tableSettigins */ = {
			isa = PBXGroup;
			children = (
				D856CBD62396A8EA0055FD1B /* AppDelegate.swift */,
				D856CBD82396A8EA0055FD1B /* SceneDelegate.swift */,
				D876207E239979480026352A /* Constants.swift */,
				D8F0CE6223A798E700B970C6 /* Layout.swift */,
				D842CDF623AE414A008E6744 /* Main.storyboard */,
				D834108E23C3BDAE00F2F8B9 /* StartViewController.swift */,
				D834109023C3BE8600F2F8B9 /* ApiRequ.swift */,
				D834109223C3BEAD00F2F8B9 /* JsonStruct.swift */,
				D856CBE12396A8EC0055FD1B /* LaunchScreen.storyboard */,
				D85A531E239FD98F00FFE3DB /* Calendar */,
				D859F917239FCF5400F276F0 /* Profile */,
				D85A531F239FD9CC00FFE3DB /* Settings */,
				D856CBE42396A8EC0055FD1B /* Info.plist */,
				D876206C23996DEA0026352A /* Images.xcassets */,
			);
			path = tableSettigins;
			sourceTree = "<group>";
		};
		D859F917239FCF5400F276F0 /* Profile */ = {
			isa = PBXGroup;
			children = (
				D8D06D0D239FB94700AF3D84 /* PageViewController.swift */,
				D8762073239978CF0026352A /* ProfileViewController.swift */,
				D8C7B3DA23A7FCEE00F4C3A9 /* Info */,
				D8C7B3D923A7FCDA00F4C3A9 /* Marks */,
				D8C7B3D823A7FCB500F4C3A9 /* Credit */,
			);
			path = Profile;
			sourceTree = "<group>";
		};
		D85A531E239FD98F00FFE3DB /* Calendar */ = {
			isa = PBXGroup;
			children = (
				D8422BF223C2270D00BD11D0 /* ScheduleTableViewController.swift */,
				D8762071239978CF0026352A /* CalendarDataModel.swift */,
				D8762074239978CF0026352A /* DateCollectionViewCell.swift */,
				D842CDF923AE41BD008E6744 /* ScheduleTableViewCell.swift */,
				D842CDF823AE41BD008E6744 /* ScheduleTableViewControllerCell.swift */,
				D876206E239978CF0026352A /* CalendarViewController.swift */,
				D842CDF423AE40F3008E6744 /* ExtensionCalendarViewController.swift */,
			);
			path = Calendar;
			sourceTree = "<group>";
		};
		D85A531F239FD9CC00FFE3DB /* Settings */ = {
			isa = PBXGroup;
			children = (
				D8762075239978CF0026352A /* SettingsViewController.swift */,
				D876206F239978CF0026352A /* SettingsTableViewCell.swift */,
			);
			path = Settings;
			sourceTree = "<group>";
		};
		D8C7B3D823A7FCB500F4C3A9 /* Credit */ = {
			isa = PBXGroup;
			children = (
				D8C8B64C23A18882008E6825 /* HistoryCell.swift */,
				D8C8B65023A19FD3008E6825 /* HeaderHistoryView.swift */,
				D8C8B64E23A18BEF008E6825 /* HistoryViewController.swift */,
				D859F913239FCDA100F276F0 /* CreditTableViewController.swift */,
			);
			path = Credit;
			sourceTree = "<group>";
		};
		D8C7B3D923A7FCDA00F4C3A9 /* Marks */ = {
			isa = PBXGroup;
			children = (
				D859F915239FCF4300F276F0 /* StudyProgressTableViewController.swift */,
				D820A9C623A9519800AEE4E3 /* PickerViewController.swift */,
				D8F0CE6423A7BB5000B970C6 /* SelectView.swift */,
				D8DAA92623A36D0700FE7161 /* TestProgressCell.swift */,
				D81DBBF823A26C540027D580 /* ExamProgressCell.swift */,
			);
			path = Marks;
			sourceTree = "<group>";
		};
		D8C7B3DA23A7FCEE00F4C3A9 /* Info */ = {
			isa = PBXGroup;
			children = (
				D8411EE82399839E00FF7F3D /* UserInfoCell.swift */,
				D8D06D0F239FB99A00AF3D84 /* InfoPageTableViewController.swift */,
			);
			path = Info;
			sourceTree = "<group>";
		};
/* End PBXGroup section */

/* Begin PBXNativeTarget section */
		D856CBD22396A8EA0055FD1B /* tableSettigins */ = {
			isa = PBXNativeTarget;
			buildConfigurationList = D856CBE72396A8EC0055FD1B /* Build configuration list for PBXNativeTarget "tableSettigins" */;
			buildPhases = (
				D856CBCF2396A8EA0055FD1B /* Sources */,
				D856CBD02396A8EA0055FD1B /* Frameworks */,
				D856CBD12396A8EA0055FD1B /* Resources */,
			);
			buildRules = (
			);
			dependencies = (
			);
			name = tableSettigins;
			productName = tableSettigins;
			productReference = D856CBD32396A8EA0055FD1B /* BSU.app */;
			productType = "com.apple.product-type.application";
		};
/* End PBXNativeTarget section */

/* Begin PBXProject section */
		D856CBCB2396A8EA0055FD1B /* Project object */ = {
			isa = PBXProject;
			attributes = {
				LastSwiftUpdateCheck = 1110;
				LastUpgradeCheck = 1110;
				ORGANIZATIONNAME = Li;
				TargetAttributes = {
					D856CBD22396A8EA0055FD1B = {
						CreatedOnToolsVersion = 11.1;
					};
				};
			};
			buildConfigurationList = D856CBCE2396A8EA0055FD1B /* Build configuration list for PBXProject "tableSettigins" */;
			compatibilityVersion = "Xcode 9.3";
			developmentRegion = en;
			hasScannedForEncodings = 0;
			knownRegions = (
				en,
				Base,
			);
			mainGroup = D856CBCA2396A8EA0055FD1B;
			productRefGroup = D856CBD42396A8EA0055FD1B /* Products */;
			projectDirPath = "";
			projectRoot = "";
			targets = (
				D856CBD22396A8EA0055FD1B /* tableSettigins */,
			);
		};
/* End PBXProject section */

/* Begin PBXResourcesBuildPhase section */
		D856CBD12396A8EA0055FD1B /* Resources */ = {
			isa = PBXResourcesBuildPhase;
			buildActionMask = 2147483647;
			files = (
				D876206D23996DEA0026352A /* Images.xcassets in Resources */,
				D856CBE32396A8EC0055FD1B /* LaunchScreen.storyboard in Resources */,
				D842CDF723AE414B008E6744 /* Main.storyboard in Resources */,
			);
			runOnlyForDeploymentPostprocessing = 0;
		};
/* End PBXResourcesBuildPhase section */

/* Begin PBXSourcesBuildPhase section */
		D856CBCF2396A8EA0055FD1B /* Sources */ = {
			isa = PBXSourcesBuildPhase;
			buildActionMask = 2147483647;
			files = (
				D81DBBF923A26C540027D580 /* ExamProgressCell.swift in Sources */,
				D8762076239978CF0026352A /* CalendarViewController.swift in Sources */,
				D8F0CE6523A7BB5000B970C6 /* SelectView.swift in Sources */,
				D834109123C3BE8600F2F8B9 /* ApiRequ.swift in Sources */,
				D856CBD72396A8EA0055FD1B /* AppDelegate.swift in Sources */,
				D842CDFA23AE41BD008E6744 /* ScheduleTableViewControllerCell.swift in Sources */,
				D834108F23C3BDAE00F2F8B9 /* StartViewController.swift in Sources */,
				D820A9C723A9519800AEE4E3 /* PickerViewController.swift in Sources */,
				D859F916239FCF4300F276F0 /* StudyProgressTableViewController.swift in Sources */,
				D8D06D0E239FB94700AF3D84 /* PageViewController.swift in Sources */,
				D876207D239978CF0026352A /* SettingsViewController.swift in Sources */,
				D8422BF323C2270D00BD11D0 /* ScheduleTableViewController.swift in Sources */,
				D859F914239FCDA100F276F0 /* CreditTableViewController.swift in Sources */,
				D8762077239978CF0026352A /* SettingsTableViewCell.swift in Sources */,
				D8C8B64F23A18BEF008E6825 /* HistoryViewController.swift in Sources */,
				D856CBD92396A8EA0055FD1B /* SceneDelegate.swift in Sources */,
				D842CDF523AE40F3008E6744 /* ExtensionCalendarViewController.swift in Sources */,
				D8D06D10239FB99A00AF3D84 /* InfoPageTableViewController.swift in Sources */,
				D876207B239978CF0026352A /* ProfileViewController.swift in Sources */,
				D842CDFB23AE41BD008E6744 /* ScheduleTableViewCell.swift in Sources */,
				D876207C239978CF0026352A /* DateCollectionViewCell.swift in Sources */,
				D8DAA92723A36D0700FE7161 /* TestProgressCell.swift in Sources */,
				D834109323C3BEAD00F2F8B9 /* JsonStruct.swift in Sources */,
				D8762079239978CF0026352A /* CalendarDataModel.swift in Sources */,
				D8411EE92399839E00FF7F3D /* UserInfoCell.swift in Sources */,
				D876207F239979480026352A /* Constants.swift in Sources */,
				D8F0CE6323A798E700B970C6 /* Layout.swift in Sources */,
				D8C8B65123A19FD3008E6825 /* HeaderHistoryView.swift in Sources */,
				D8C8B64D23A18882008E6825 /* HistoryCell.swift in Sources */,
			);
			runOnlyForDeploymentPostprocessing = 0;
		};
/* End PBXSourcesBuildPhase section */

/* Begin PBXVariantGroup section */
		D856CBE12396A8EC0055FD1B /* LaunchScreen.storyboard */ = {
			isa = PBXVariantGroup;
			children = (
				D856CBE22396A8EC0055FD1B /* Base */,
			);
			name = LaunchScreen.storyboard;
			sourceTree = "<group>";
		};
/* End PBXVariantGroup section */

/* Begin XCBuildConfiguration section */
		D856CBE52396A8EC0055FD1B /* Debug */ = {
			isa = XCBuildConfiguration;
			buildSettings = {
				ALWAYS_SEARCH_USER_PATHS = NO;
				CLANG_ANALYZER_NONNULL = YES;
				CLANG_ANALYZER_NUMBER_OBJECT_CONVERSION = YES_AGGRESSIVE;
				CLANG_CXX_LANGUAGE_STANDARD = "gnu++14";
				CLANG_CXX_LIBRARY = "libc++";
				CLANG_ENABLE_MODULES = YES;
				CLANG_ENABLE_OBJC_ARC = YES;
				CLANG_ENABLE_OBJC_WEAK = YES;
				CLANG_WARN_BLOCK_CAPTURE_AUTORELEASING = YES;
				CLANG_WARN_BOOL_CONVERSION = YES;
				CLANG_WARN_COMMA = YES;
				CLANG_WARN_CONSTANT_CONVERSION = YES;
				CLANG_WARN_DEPRECATED_OBJC_IMPLEMENTATIONS = YES;
				CLANG_WARN_DIRECT_OBJC_ISA_USAGE = YES_ERROR;
				CLANG_WARN_DOCUMENTATION_COMMENTS = YES;
				CLANG_WARN_EMPTY_BODY = YES;
				CLANG_WARN_ENUM_CONVERSION = YES;
				CLANG_WARN_INFINITE_RECURSION = YES;
				CLANG_WARN_INT_CONVERSION = YES;
				CLANG_WARN_NON_LITERAL_NULL_CONVERSION = YES;
				CLANG_WARN_OBJC_IMPLICIT_RETAIN_SELF = YES;
				CLANG_WARN_OBJC_LITERAL_CONVERSION = YES;
				CLANG_WARN_OBJC_ROOT_CLASS = YES_ERROR;
				CLANG_WARN_RANGE_LOOP_ANALYSIS = YES;
				CLANG_WARN_STRICT_PROTOTYPES = YES;
				CLANG_WARN_SUSPICIOUS_MOVE = YES;
				CLANG_WARN_UNGUARDED_AVAILABILITY = YES_AGGRESSIVE;
				CLANG_WARN_UNREACHABLE_CODE = YES;
				CLANG_WARN__DUPLICATE_METHOD_MATCH = YES;
				COPY_PHASE_STRIP = NO;
				DEBUG_INFORMATION_FORMAT = dwarf;
				DEVELOPMENT_TEAM = GA45JW926G;
				ENABLE_STRICT_OBJC_MSGSEND = YES;
				ENABLE_TESTABILITY = YES;
				GCC_C_LANGUAGE_STANDARD = gnu11;
				GCC_DYNAMIC_NO_PIC = NO;
				GCC_NO_COMMON_BLOCKS = YES;
				GCC_OPTIMIZATION_LEVEL = 0;
				GCC_PREPROCESSOR_DEFINITIONS = (
					"DEBUG=1",
					"$(inherited)",
				);
				GCC_WARN_64_TO_32_BIT_CONVERSION = YES;
				GCC_WARN_ABOUT_RETURN_TYPE = YES_ERROR;
				GCC_WARN_UNDECLARED_SELECTOR = YES;
				GCC_WARN_UNINITIALIZED_AUTOS = YES_AGGRESSIVE;
				GCC_WARN_UNUSED_FUNCTION = YES;
				GCC_WARN_UNUSED_VARIABLE = YES;
				IPHONEOS_DEPLOYMENT_TARGET = 13.1;
				MTL_ENABLE_DEBUG_INFO = INCLUDE_SOURCE;
				MTL_FAST_MATH = YES;
				ONLY_ACTIVE_ARCH = YES;
				SDKROOT = iphoneos;
				SWIFT_ACTIVE_COMPILATION_CONDITIONS = DEBUG;
				SWIFT_OPTIMIZATION_LEVEL = "-Onone";
			};
			name = Debug;
		};
		D856CBE62396A8EC0055FD1B /* Release */ = {
			isa = XCBuildConfiguration;
			buildSettings = {
				ALWAYS_SEARCH_USER_PATHS = NO;
				CLANG_ANALYZER_NONNULL = YES;
				CLANG_ANALYZER_NUMBER_OBJECT_CONVERSION = YES_AGGRESSIVE;
				CLANG_CXX_LANGUAGE_STANDARD = "gnu++14";
				CLANG_CXX_LIBRARY = "libc++";
				CLANG_ENABLE_MODULES = YES;
				CLANG_ENABLE_OBJC_ARC = YES;
				CLANG_ENABLE_OBJC_WEAK = YES;
				CLANG_WARN_BLOCK_CAPTURE_AUTORELEASING = YES;
				CLANG_WARN_BOOL_CONVERSION = YES;
				CLANG_WARN_COMMA = YES;
				CLANG_WARN_CONSTANT_CONVERSION = YES;
				CLANG_WARN_DEPRECATED_OBJC_IMPLEMENTATIONS = YES;
				CLANG_WARN_DIRECT_OBJC_ISA_USAGE = YES_ERROR;
				CLANG_WARN_DOCUMENTATION_COMMENTS = YES;
				CLANG_WARN_EMPTY_BODY = YES;
				CLANG_WARN_ENUM_CONVERSION = YES;
				CLANG_WARN_INFINITE_RECURSION = YES;
				CLANG_WARN_INT_CONVERSION = YES;
				CLANG_WARN_NON_LITERAL_NULL_CONVERSION = YES;
				CLANG_WARN_OBJC_IMPLICIT_RETAIN_SELF = YES;
				CLANG_WARN_OBJC_LITERAL_CONVERSION = YES;
				CLANG_WARN_OBJC_ROOT_CLASS = YES_ERROR;
				CLANG_WARN_RANGE_LOOP_ANALYSIS = YES;
				CLANG_WARN_STRICT_PROTOTYPES = YES;
				CLANG_WARN_SUSPICIOUS_MOVE = YES;
				CLANG_WARN_UNGUARDED_AVAILABILITY = YES_AGGRESSIVE;
				CLANG_WARN_UNREACHABLE_CODE = YES;
				CLANG_WARN__DUPLICATE_METHOD_MATCH = YES;
				COPY_PHASE_STRIP = NO;
				DEBUG_INFORMATION_FORMAT = "dwarf-with-dsym";
				DEVELOPMENT_TEAM = GA45JW926G;
				ENABLE_NS_ASSERTIONS = NO;
				ENABLE_STRICT_OBJC_MSGSEND = YES;
				GCC_C_LANGUAGE_STANDARD = gnu11;
				GCC_NO_COMMON_BLOCKS = YES;
				GCC_WARN_64_TO_32_BIT_CONVERSION = YES;
				GCC_WARN_ABOUT_RETURN_TYPE = YES_ERROR;
				GCC_WARN_UNDECLARED_SELECTOR = YES;
				GCC_WARN_UNINITIALIZED_AUTOS = YES_AGGRESSIVE;
				GCC_WARN_UNUSED_FUNCTION = YES;
				GCC_WARN_UNUSED_VARIABLE = YES;
				IPHONEOS_DEPLOYMENT_TARGET = 13.1;
				MTL_ENABLE_DEBUG_INFO = NO;
				MTL_FAST_MATH = YES;
				SDKROOT = iphoneos;
				SWIFT_COMPILATION_MODE = wholemodule;
				SWIFT_OPTIMIZATION_LEVEL = "-O";
				VALIDATE_PRODUCT = YES;
			};
			name = Release;
		};
		D856CBE82396A8EC0055FD1B /* Debug */ = {
			isa = XCBuildConfiguration;
			buildSettings = {
				ASSETCATALOG_COMPILER_APPICON_NAME = AppIcon;
				CODE_SIGN_STYLE = Automatic;
				DEVELOPMENT_TEAM = 5C9Q9F94SV;
				INFOPLIST_FILE = tableSettigins/Info.plist;
				IPHONEOS_DEPLOYMENT_TARGET = 13.1;
				LD_RUNPATH_SEARCH_PATHS = (
					"$(inherited)",
					"@executable_path/Frameworks",
				);
				PRODUCT_BUNDLE_IDENTIFIER = liCompany.BSU4U;
				PRODUCT_NAME = BSU;
				SWIFT_VERSION = 5.0;
				TARGETED_DEVICE_FAMILY = "1,2";
			};
			name = Debug;
		};
		D856CBE92396A8EC0055FD1B /* Release */ = {
			isa = XCBuildConfiguration;
			buildSettings = {
				ASSETCATALOG_COMPILER_APPICON_NAME = AppIcon;
				CODE_SIGN_STYLE = Automatic;
				DEVELOPMENT_TEAM = 5C9Q9F94SV;
				INFOPLIST_FILE = tableSettigins/Info.plist;
				IPHONEOS_DEPLOYMENT_TARGET = 13.1;
				LD_RUNPATH_SEARCH_PATHS = (
					"$(inherited)",
					"@executable_path/Frameworks",
				);
				PRODUCT_BUNDLE_IDENTIFIER = liCompany.BSU4U;
				PRODUCT_NAME = BSU;
				SWIFT_VERSION = 5.0;
				TARGETED_DEVICE_FAMILY = "1,2";
			};
			name = Release;
		};
/* End XCBuildConfiguration section */

/* Begin XCConfigurationList section */
		D856CBCE2396A8EA0055FD1B /* Build configuration list for PBXProject "tableSettigins" */ = {
			isa = XCConfigurationList;
			buildConfigurations = (
				D856CBE52396A8EC0055FD1B /* Debug */,
				D856CBE62396A8EC0055FD1B /* Release */,
			);
			defaultConfigurationIsVisible = 0;
			defaultConfigurationName = Release;
		};
		D856CBE72396A8EC0055FD1B /* Build configuration list for PBXNativeTarget "tableSettigins" */ = {
			isa = XCConfigurationList;
			buildConfigurations = (
				D856CBE82396A8EC0055FD1B /* Debug */,
				D856CBE92396A8EC0055FD1B /* Release */,
			);
			defaultConfigurationIsVisible = 0;
			defaultConfigurationName = Release;
		};
/* End XCConfigurationList section */
	};
	rootObject = D856CBCB2396A8EA0055FD1B /* Project object */;
}
